
Microsoft Visual Studio Solution File, Format Version 12.00
# Visual Studio Version 17
VisualStudioVersion = 17.0.32112.339
MinimumVisualStudioVersion = 10.0.40219.1
Project("{FAE04EC0-301F-11D3-BF4B-00C04F79EFBC}") = "teste100", "teste100\teste100.csproj", "{EEA49D5B-6ED8-4FFD-99F1-8F2E25EF20D9}"
EndProject
Global
	GlobalSection(SolutionConfigurationPlatforms) = preSolution
		Debug|Any CPU = Debug|Any CPU
		Release|Any CPU = Release|Any CPU
	EndGlobalSection
	GlobalSection(ProjectConfigurationPlatforms) = postSolution
		{EEA49D5B-6ED8-4FFD-99F1-8F2E25EF20D9}.Debug|Any CPU.ActiveCfg = Debug|Any CPU
		{EEA49D5B-6ED8-4FFD-99F1-8F2E25EF20D9}.Debug|Any CPU.Build.0 = Debug|Any CPU
		{EEA49D5B-6ED8-4FFD-99F1-8F2E25EF20D9}.Release|Any CPU.ActiveCfg = Release|Any CPU
		{EEA49D5B-6ED8-4FFD-99F1-8F2E25EF20D9}.Release|Any CPU.Build.0 = Release|Any CPU
	EndGlobalSection
	GlobalSection(SolutionProperties) = preSolution
		HideSolutionNode = FALSE
	EndGlobalSection
	GlobalSection(ExtensibilityGlobals) = postSolution
		SolutionGuid = {1FE31DB2-C7CF-45F5-B550-8B07CAEAC9E7}
	EndGlobalSection
EndGlobal
